{
  "name": "sandbox",
  "version": "1.0.0",
  "lockfileVersion": 1,
  "requires": true,
  "dependencies": {
    "@sbj42/maze-generator": {
      "version": "2.0.6",
      "resolved": "https://registry.npmjs.org/@sbj42/maze-generator/-/maze-generator-2.0.6.tgz",
      "integrity": "sha1-KGE+gjMh/4W7ZIWqdq2HSXVKNRw=",
      "dev": true,
      "requires": {
        "@sbj42/maze-generator-core": "0.1.4"
      }
    },
    "@sbj42/maze-generator-backtrack": {
      "version": "0.1.5",
      "resolved": "https://registry.npmjs.org/@sbj42/maze-generator-backtrack/-/maze-generator-backtrack-0.1.5.tgz",
      "integrity": "sha1-M9RGBkqftR/NjITy/2d0NCZq5hA=",
      "dev": true,
      "requires": {
        "@sbj42/maze-generator-core": "0.1.4"
      }
    },
    "@sbj42/maze-generator-core": {
      "version": "0.1.4",
      "resolved": "https://registry.npmjs.org/@sbj42/maze-generator-core/-/maze-generator-core-0.1.4.tgz",
      "integrity": "sha1-Eb93gbgcLMLxaZYdzVuKZJ8qyoQ=",
      "dev": true
    }
  }
}
